
Microsoft Visual Studio Solution File, Format Version 12.00
# Visual Studio Version 17
VisualStudioVersion = 17.6.33513.286
MinimumVisualStudioVersion = 10.0.40219.1
Project("{9A19103F-16F7-4668-BE54-9A1E7A4F7556}") = "GStore", "GStore\GStore.csproj", "{E2B0E2E7-5C3F-4E3C-9DB5-FF9F838788B8}"
EndProject
Project("{FAE04EC0-301F-11D3-BF4B-00C04F79EFBC}") = "GStoreWeb.DataAccess", "GStoreWeb.DataAccess\GStoreWeb.DataAccess.csproj", "{1C562F00-FCF1-40CB-904D-8990BC470B8B}"
EndProject
Project("{FAE04EC0-301F-11D3-BF4B-00C04F79EFBC}") = "GStoreWeb.Models", "GStoreWeb.Models\GStoreWeb.Models.csproj", "{15FF85B5-A4D9-4DCA-813E-6FA94CD5F5FD}"
EndProject
Project("{FAE04EC0-301F-11D3-BF4B-00C04F79EFBC}") = "GStoreWeb.Utility", "GStoreWeb.Utility\GStoreWeb.Utility.csproj", "{C6BF423B-A177-41A5-AE44-BEA5796E9C6D}"
EndProject
Global
	GlobalSection(SolutionConfigurationPlatforms) = preSolution
		Debug|Any CPU = Debug|Any CPU
		Release|Any CPU = Release|Any CPU
	EndGlobalSection
	GlobalSection(ProjectConfigurationPlatforms) = postSolution
		{E2B0E2E7-5C3F-4E3C-9DB5-FF9F838788B8}.Debug|Any CPU.ActiveCfg = Debug|Any CPU
		{E2B0E2E7-5C3F-4E3C-9DB5-FF9F838788B8}.Debug|Any CPU.Build.0 = Debug|Any CPU
		{E2B0E2E7-5C3F-4E3C-9DB5-FF9F838788B8}.Release|Any CPU.ActiveCfg = Release|Any CPU
		{E2B0E2E7-5C3F-4E3C-9DB5-FF9F838788B8}.Release|Any CPU.Build.0 = Release|Any CPU
		{1C562F00-FCF1-40CB-904D-8990BC470B8B}.Debug|Any CPU.ActiveCfg = Debug|Any CPU
		{1C562F00-FCF1-40CB-904D-8990BC470B8B}.Debug|Any CPU.Build.0 = Debug|Any CPU
		{1C562F00-FCF1-40CB-904D-8990BC470B8B}.Release|Any CPU.ActiveCfg = Release|Any CPU
		{1C562F00-FCF1-40CB-904D-8990BC470B8B}.Release|Any CPU.Build.0 = Release|Any CPU
		{15FF85B5-A4D9-4DCA-813E-6FA94CD5F5FD}.Debug|Any CPU.ActiveCfg = Debug|Any CPU
		{15FF85B5-A4D9-4DCA-813E-6FA94CD5F5FD}.Debug|Any CPU.Build.0 = Debug|Any CPU
		{15FF85B5-A4D9-4DCA-813E-6FA94CD5F5FD}.Release|Any CPU.ActiveCfg = Release|Any CPU
		{15FF85B5-A4D9-4DCA-813E-6FA94CD5F5FD}.Release|Any CPU.Build.0 = Release|Any CPU
		{C6BF423B-A177-41A5-AE44-BEA5796E9C6D}.Debug|Any CPU.ActiveCfg = Debug|Any CPU
		{C6BF423B-A177-41A5-AE44-BEA5796E9C6D}.Debug|Any CPU.Build.0 = Debug|Any CPU
		{C6BF423B-A177-41A5-AE44-BEA5796E9C6D}.Release|Any CPU.ActiveCfg = Release|Any CPU
		{C6BF423B-A177-41A5-AE44-BEA5796E9C6D}.Release|Any CPU.Build.0 = Release|Any CPU
	EndGlobalSection
	GlobalSection(SolutionProperties) = preSolution
		HideSolutionNode = FALSE
	EndGlobalSection
	GlobalSection(ExtensibilityGlobals) = postSolution
		SolutionGuid = {87567F47-379F-48DD-BE61-B6CEC851A61D}
	EndGlobalSection
EndGlobal
